
Microsoft Visual Studio Solution File, Format Version 12.00
# Visual Studio Version 16
VisualStudioVersion = 16.0.31729.503
MinimumVisualStudioVersion = 10.0.40219.1
Project("{2150E333-8FDC-42A3-9474-1A3956D46DE8}") = "Solution Items", "Solution Items", "{56466632-4785-429E-AA80-0E92C47FC4E5}"
	ProjectSection(SolutionItems) = preProject
		TextFile1.txt = TextFile1.txt
		TextFile2.txt = TextFile2.txt
	EndProjectSection
EndProject
Project("{2150E333-8FDC-42A3-9474-1A3956D46DE8}") = "Lecture01", "Lecture01", "{EE115771-B138-41E3-9C4A-5C22AA41C228}"
EndProject
Project("{2150E333-8FDC-42A3-9474-1A3956D46DE8}") = "Lecture02", "Lecture02", "{7E11BBC6-9E58-4D69-913D-B61860F4C18C}"
EndProject
Project("{2150E333-8FDC-42A3-9474-1A3956D46DE8}") = "Base", "Base", "{F0AF8586-6B27-4888-B718-31E0345902DB}"
EndProject
Project("{9A19103F-16F7-4668-BE54-9A1E7A4F7556}") = "TriangulationDemo", "Lecture02\TriangulationDemo\TriangulationDemo.csproj", "{6DD7D92B-48DF-4C0D-A43B-4451B93F775E}"
EndProject
Project("{9A19103F-16F7-4668-BE54-9A1E7A4F7556}") = "BaseLib", "Base\BaseLib\BaseLib.csproj", "{618D4B84-8955-44F0-8355-3687889202F0}"
EndProject
Project("{9A19103F-16F7-4668-BE54-9A1E7A4F7556}") = "MathTest", "Lecture02\MathTest\MathTest.csproj", "{6B678A28-8C1D-4624-8319-1028B6F232A0}"
EndProject
Project("{9A19103F-16F7-4668-BE54-9A1E7A4F7556}") = "Base.Wpf", "Base\BaseWpfControls\Base.Wpf.csproj", "{D8BFC0CB-5737-4E5B-9B42-5445E633ACDC}"
EndProject
Project("{9A19103F-16F7-4668-BE54-9A1E7A4F7556}") = "ClassLib", "Lecture01\ClassLib\ClassLib.csproj", "{2EAB91EE-57DD-4426-B14C-F4014A19C46A}"
EndProject
Project("{9A19103F-16F7-4668-BE54-9A1E7A4F7556}") = "CalcSqrtDemo", "Lecture01\CalcSqrtDemo\CalcSqrtDemo.csproj", "{949BC137-921A-4A0E-BAA2-7B964BA64166}"
EndProject
Project("{9A19103F-16F7-4668-BE54-9A1E7A4F7556}") = "SqrtUnitTest", "Lecture01\SqrtUnitTest\SqrtUnitTest.csproj", "{E9D45DEF-B7CA-4659-8BE6-6E843633FE9B}"
EndProject
Project("{2150E333-8FDC-42A3-9474-1A3956D46DE8}") = "Lecture03", "Lecture03", "{90B7D427-CB0C-4455-B490-4CD71CB73914}"
EndProject
Project("{9A19103F-16F7-4668-BE54-9A1E7A4F7556}") = "WebApplication1", "Lecture03\WebApplication1\WebApplication1.csproj", "{692DAF1F-CA1D-41F7-8DE7-2F80B4D76D38}"
EndProject
Project("{FAE04EC0-301F-11D3-BF4B-00C04F79EFBC}") = "ElementLib", "ElementLib\ElementLib.csproj", "{02E37A4A-F38C-4E07-AE03-58F15C530F33}"
EndProject
Project("{FAE04EC0-301F-11D3-BF4B-00C04F79EFBC}") = "ElementTest", "ElementTest\ElementTest.csproj", "{799CFA7E-5842-4F54-8F73-5BE675EF0FA8}"
EndProject
Global
	GlobalSection(SolutionConfigurationPlatforms) = preSolution
		Debug|Any CPU = Debug|Any CPU
		Release|Any CPU = Release|Any CPU
	EndGlobalSection
	GlobalSection(ProjectConfigurationPlatforms) = postSolution
		{6DD7D92B-48DF-4C0D-A43B-4451B93F775E}.Debug|Any CPU.ActiveCfg = Debug|Any CPU
		{6DD7D92B-48DF-4C0D-A43B-4451B93F775E}.Debug|Any CPU.Build.0 = Debug|Any CPU
		{6DD7D92B-48DF-4C0D-A43B-4451B93F775E}.Release|Any CPU.ActiveCfg = Release|Any CPU
		{6DD7D92B-48DF-4C0D-A43B-4451B93F775E}.Release|Any CPU.Build.0 = Release|Any CPU
		{618D4B84-8955-44F0-8355-3687889202F0}.Debug|Any CPU.ActiveCfg = Debug|Any CPU
		{618D4B84-8955-44F0-8355-3687889202F0}.Debug|Any CPU.Build.0 = Debug|Any CPU
		{618D4B84-8955-44F0-8355-3687889202F0}.Release|Any CPU.ActiveCfg = Release|Any CPU
		{618D4B84-8955-44F0-8355-3687889202F0}.Release|Any CPU.Build.0 = Release|Any CPU
		{6B678A28-8C1D-4624-8319-1028B6F232A0}.Debug|Any CPU.ActiveCfg = Debug|Any CPU
		{6B678A28-8C1D-4624-8319-1028B6F232A0}.Debug|Any CPU.Build.0 = Debug|Any CPU
		{6B678A28-8C1D-4624-8319-1028B6F232A0}.Release|Any CPU.ActiveCfg = Release|Any CPU
		{6B678A28-8C1D-4624-8319-1028B6F232A0}.Release|Any CPU.Build.0 = Release|Any CPU
		{D8BFC0CB-5737-4E5B-9B42-5445E633ACDC}.Debug|Any CPU.ActiveCfg = Debug|Any CPU
		{D8BFC0CB-5737-4E5B-9B42-5445E633ACDC}.Debug|Any CPU.Build.0 = Debug|Any CPU
		{D8BFC0CB-5737-4E5B-9B42-5445E633ACDC}.Release|Any CPU.ActiveCfg = Release|Any CPU
		{D8BFC0CB-5737-4E5B-9B42-5445E633ACDC}.Release|Any CPU.Build.0 = Release|Any CPU
		{2EAB91EE-57DD-4426-B14C-F4014A19C46A}.Debug|Any CPU.ActiveCfg = Debug|Any CPU
		{2EAB91EE-57DD-4426-B14C-F4014A19C46A}.Debug|Any CPU.Build.0 = Debug|Any CPU
		{2EAB91EE-57DD-4426-B14C-F4014A19C46A}.Release|Any CPU.ActiveCfg = Release|Any CPU
		{2EAB91EE-57DD-4426-B14C-F4014A19C46A}.Release|Any CPU.Build.0 = Release|Any CPU
		{949BC137-921A-4A0E-BAA2-7B964BA64166}.Debug|Any CPU.ActiveCfg = Debug|Any CPU
		{949BC137-921A-4A0E-BAA2-7B964BA64166}.Debug|Any CPU.Build.0 = Debug|Any CPU
		{949BC137-921A-4A0E-BAA2-7B964BA64166}.Release|Any CPU.ActiveCfg = Release|Any CPU
		{949BC137-921A-4A0E-BAA2-7B964BA64166}.Release|Any CPU.Build.0 = Release|Any CPU
		{E9D45DEF-B7CA-4659-8BE6-6E843633FE9B}.Debug|Any CPU.ActiveCfg = Debug|Any CPU
		{E9D45DEF-B7CA-4659-8BE6-6E843633FE9B}.Debug|Any CPU.Build.0 = Debug|Any CPU
		{E9D45DEF-B7CA-4659-8BE6-6E843633FE9B}.Release|Any CPU.ActiveCfg = Release|Any CPU
		{E9D45DEF-B7CA-4659-8BE6-6E843633FE9B}.Release|Any CPU.Build.0 = Release|Any CPU
		{692DAF1F-CA1D-41F7-8DE7-2F80B4D76D38}.Debug|Any CPU.ActiveCfg = Debug|Any CPU
		{692DAF1F-CA1D-41F7-8DE7-2F80B4D76D38}.Debug|Any CPU.Build.0 = Debug|Any CPU
		{692DAF1F-CA1D-41F7-8DE7-2F80B4D76D38}.Release|Any CPU.ActiveCfg = Release|Any CPU
		{692DAF1F-CA1D-41F7-8DE7-2F80B4D76D38}.Release|Any CPU.Build.0 = Release|Any CPU
		{02E37A4A-F38C-4E07-AE03-58F15C530F33}.Debug|Any CPU.ActiveCfg = Debug|Any CPU
		{02E37A4A-F38C-4E07-AE03-58F15C530F33}.Debug|Any CPU.Build.0 = Debug|Any CPU
		{02E37A4A-F38C-4E07-AE03-58F15C530F33}.Release|Any CPU.ActiveCfg = Release|Any CPU
		{02E37A4A-F38C-4E07-AE03-58F15C530F33}.Release|Any CPU.Build.0 = Release|Any CPU
		{799CFA7E-5842-4F54-8F73-5BE675EF0FA8}.Debug|Any CPU.ActiveCfg = Debug|Any CPU
		{799CFA7E-5842-4F54-8F73-5BE675EF0FA8}.Debug|Any CPU.Build.0 = Debug|Any CPU
		{799CFA7E-5842-4F54-8F73-5BE675EF0FA8}.Release|Any CPU.ActiveCfg = Release|Any CPU
		{799CFA7E-5842-4F54-8F73-5BE675EF0FA8}.Release|Any CPU.Build.0 = Release|Any CPU
	EndGlobalSection
	GlobalSection(SolutionProperties) = preSolution
		HideSolutionNode = FALSE
	EndGlobalSection
	GlobalSection(NestedProjects) = preSolution
		{6DD7D92B-48DF-4C0D-A43B-4451B93F775E} = {7E11BBC6-9E58-4D69-913D-B61860F4C18C}
		{618D4B84-8955-44F0-8355-3687889202F0} = {F0AF8586-6B27-4888-B718-31E0345902DB}
		{6B678A28-8C1D-4624-8319-1028B6F232A0} = {7E11BBC6-9E58-4D69-913D-B61860F4C18C}
		{D8BFC0CB-5737-4E5B-9B42-5445E633ACDC} = {F0AF8586-6B27-4888-B718-31E0345902DB}
		{2EAB91EE-57DD-4426-B14C-F4014A19C46A} = {EE115771-B138-41E3-9C4A-5C22AA41C228}
		{949BC137-921A-4A0E-BAA2-7B964BA64166} = {EE115771-B138-41E3-9C4A-5C22AA41C228}
		{E9D45DEF-B7CA-4659-8BE6-6E843633FE9B} = {EE115771-B138-41E3-9C4A-5C22AA41C228}
		{692DAF1F-CA1D-41F7-8DE7-2F80B4D76D38} = {90B7D427-CB0C-4455-B490-4CD71CB73914}
		{02E37A4A-F38C-4E07-AE03-58F15C530F33} = {90B7D427-CB0C-4455-B490-4CD71CB73914}
		{799CFA7E-5842-4F54-8F73-5BE675EF0FA8} = {90B7D427-CB0C-4455-B490-4CD71CB73914}
	EndGlobalSection
	GlobalSection(ExtensibilityGlobals) = postSolution
		SolutionGuid = {C040EE12-CAE4-4F5B-87D9-EE47E64A0153}
	EndGlobalSection
EndGlobal
