
Microsoft Visual Studio Solution File, Format Version 12.00
# Visual Studio Version 16
VisualStudioVersion = 16.0.31729.503
MinimumVisualStudioVersion = 10.0.40219.1
Project("{2150E333-8FDC-42A3-9474-1A3956D46DE8}") = "Solution Items", "Solution Items", "{56466632-4785-429E-AA80-0E92C47FC4E5}"
	ProjectSection(SolutionItems) = preProject
		TextFile1.txt = TextFile1.txt
	EndProjectSection
EndProject
Project("{9A19103F-16F7-4668-BE54-9A1E7A4F7556}") = "CalcSqrtDemo", "CalcSqrtDemo\CalcSqrtDemo.csproj", "{0EAA1CAA-263A-4701-8930-6C1B41F59DAC}"
EndProject
Project("{9A19103F-16F7-4668-BE54-9A1E7A4F7556}") = "SqrtUnitTest", "SqrtUnitTest\SqrtUnitTest.csproj", "{F3C50156-0BA6-4A61-B8DF-75D1EF5A1799}"
EndProject
Project("{9A19103F-16F7-4668-BE54-9A1E7A4F7556}") = "ClassLib", "ClassLib\ClassLib.csproj", "{A3C0AEFE-36AB-4496-8A2C-14877BEA6999}"
EndProject
Project("{2150E333-8FDC-42A3-9474-1A3956D46DE8}") = "Lecture01", "Lecture01", "{EE115771-B138-41E3-9C4A-5C22AA41C228}"
EndProject
Project("{2150E333-8FDC-42A3-9474-1A3956D46DE8}") = "Lecture02", "Lecture02", "{7E11BBC6-9E58-4D69-913D-B61860F4C18C}"
EndProject
Project("{2150E333-8FDC-42A3-9474-1A3956D46DE8}") = "Base", "Base", "{F0AF8586-6B27-4888-B718-31E0345902DB}"
EndProject
Project("{9A19103F-16F7-4668-BE54-9A1E7A4F7556}") = "TriangulationDemo", "Lecture02\TriangulationDemo\TriangulationDemo.csproj", "{6DD7D92B-48DF-4C0D-A43B-4451B93F775E}"
EndProject
Project("{9A19103F-16F7-4668-BE54-9A1E7A4F7556}") = "BaseLib", "Base\BaseLib\BaseLib.csproj", "{618D4B84-8955-44F0-8355-3687889202F0}"
EndProject
Project("{FAE04EC0-301F-11D3-BF4B-00C04F79EFBC}") = "MathTest", "Lecture02\MathTest\MathTest.csproj", "{6B678A28-8C1D-4624-8319-1028B6F232A0}"
EndProject
Project("{9A19103F-16F7-4668-BE54-9A1E7A4F7556}") = "Base.Wpf", "Base\BaseWpfControls\Base.Wpf.csproj", "{D8BFC0CB-5737-4E5B-9B42-5445E633ACDC}"
EndProject
Global
	GlobalSection(SolutionConfigurationPlatforms) = preSolution
		Debug|Any CPU = Debug|Any CPU
		Release|Any CPU = Release|Any CPU
	EndGlobalSection
	GlobalSection(ProjectConfigurationPlatforms) = postSolution
		{0EAA1CAA-263A-4701-8930-6C1B41F59DAC}.Debug|Any CPU.ActiveCfg = Debug|Any CPU
		{0EAA1CAA-263A-4701-8930-6C1B41F59DAC}.Debug|Any CPU.Build.0 = Debug|Any CPU
		{0EAA1CAA-263A-4701-8930-6C1B41F59DAC}.Release|Any CPU.ActiveCfg = Release|Any CPU
		{0EAA1CAA-263A-4701-8930-6C1B41F59DAC}.Release|Any CPU.Build.0 = Release|Any CPU
		{F3C50156-0BA6-4A61-B8DF-75D1EF5A1799}.Debug|Any CPU.ActiveCfg = Debug|Any CPU
		{F3C50156-0BA6-4A61-B8DF-75D1EF5A1799}.Debug|Any CPU.Build.0 = Debug|Any CPU
		{F3C50156-0BA6-4A61-B8DF-75D1EF5A1799}.Release|Any CPU.ActiveCfg = Release|Any CPU
		{F3C50156-0BA6-4A61-B8DF-75D1EF5A1799}.Release|Any CPU.Build.0 = Release|Any CPU
		{A3C0AEFE-36AB-4496-8A2C-14877BEA6999}.Debug|Any CPU.ActiveCfg = Debug|Any CPU
		{A3C0AEFE-36AB-4496-8A2C-14877BEA6999}.Debug|Any CPU.Build.0 = Debug|Any CPU
		{A3C0AEFE-36AB-4496-8A2C-14877BEA6999}.Release|Any CPU.ActiveCfg = Release|Any CPU
		{A3C0AEFE-36AB-4496-8A2C-14877BEA6999}.Release|Any CPU.Build.0 = Release|Any CPU
		{6DD7D92B-48DF-4C0D-A43B-4451B93F775E}.Debug|Any CPU.ActiveCfg = Debug|Any CPU
		{6DD7D92B-48DF-4C0D-A43B-4451B93F775E}.Debug|Any CPU.Build.0 = Debug|Any CPU
		{6DD7D92B-48DF-4C0D-A43B-4451B93F775E}.Release|Any CPU.ActiveCfg = Release|Any CPU
		{6DD7D92B-48DF-4C0D-A43B-4451B93F775E}.Release|Any CPU.Build.0 = Release|Any CPU
		{618D4B84-8955-44F0-8355-3687889202F0}.Debug|Any CPU.ActiveCfg = Debug|Any CPU
		{618D4B84-8955-44F0-8355-3687889202F0}.Debug|Any CPU.Build.0 = Debug|Any CPU
		{618D4B84-8955-44F0-8355-3687889202F0}.Release|Any CPU.ActiveCfg = Release|Any CPU
		{618D4B84-8955-44F0-8355-3687889202F0}.Release|Any CPU.Build.0 = Release|Any CPU
		{6B678A28-8C1D-4624-8319-1028B6F232A0}.Debug|Any CPU.ActiveCfg = Debug|Any CPU
		{6B678A28-8C1D-4624-8319-1028B6F232A0}.Debug|Any CPU.Build.0 = Debug|Any CPU
		{6B678A28-8C1D-4624-8319-1028B6F232A0}.Release|Any CPU.ActiveCfg = Release|Any CPU
		{6B678A28-8C1D-4624-8319-1028B6F232A0}.Release|Any CPU.Build.0 = Release|Any CPU
		{D8BFC0CB-5737-4E5B-9B42-5445E633ACDC}.Debug|Any CPU.ActiveCfg = Debug|Any CPU
		{D8BFC0CB-5737-4E5B-9B42-5445E633ACDC}.Debug|Any CPU.Build.0 = Debug|Any CPU
		{D8BFC0CB-5737-4E5B-9B42-5445E633ACDC}.Release|Any CPU.ActiveCfg = Release|Any CPU
		{D8BFC0CB-5737-4E5B-9B42-5445E633ACDC}.Release|Any CPU.Build.0 = Release|Any CPU
	EndGlobalSection
	GlobalSection(SolutionProperties) = preSolution
		HideSolutionNode = FALSE
	EndGlobalSection
	GlobalSection(NestedProjects) = preSolution
		{0EAA1CAA-263A-4701-8930-6C1B41F59DAC} = {EE115771-B138-41E3-9C4A-5C22AA41C228}
		{F3C50156-0BA6-4A61-B8DF-75D1EF5A1799} = {EE115771-B138-41E3-9C4A-5C22AA41C228}
		{A3C0AEFE-36AB-4496-8A2C-14877BEA6999} = {EE115771-B138-41E3-9C4A-5C22AA41C228}
		{6DD7D92B-48DF-4C0D-A43B-4451B93F775E} = {7E11BBC6-9E58-4D69-913D-B61860F4C18C}
		{618D4B84-8955-44F0-8355-3687889202F0} = {F0AF8586-6B27-4888-B718-31E0345902DB}
		{6B678A28-8C1D-4624-8319-1028B6F232A0} = {7E11BBC6-9E58-4D69-913D-B61860F4C18C}
		{D8BFC0CB-5737-4E5B-9B42-5445E633ACDC} = {F0AF8586-6B27-4888-B718-31E0345902DB}
	EndGlobalSection
	GlobalSection(ExtensibilityGlobals) = postSolution
		SolutionGuid = {C040EE12-CAE4-4F5B-87D9-EE47E64A0153}
	EndGlobalSection
EndGlobal
